---
name: "Flake Update Action"
run-name: "nfu"
permissions:
  contents: write
  pull-requests: write
on:
  workflow_dispatch:
  schedule:
    - cron: "0 0 * * 0"

jobs:
  locker:
    runs-on: "ubuntu-latest"
    steps:
      - name: "Checkout repo"
        uses: "actions/checkout@v4"
      - name: "Install Nix"
        uses: cachix/install-nix-action@v31
        with:
          nix_path: nixpkgs=channel:nixos-unstable
      - name: "Update Nix flake.lock"
        id: "update"
        uses: "DeterminateSystems/update-flake-lock@v28"
        with:
          pr-title: "Update flake.lock Action"
          pr-labels: |
            "CI/CD"
            "automated"
          git-author-name: "John Nix"
          git-author-email: "github-actions[bot]@users.noreply.github.com"
          git-committer-name: "John Nix"
          git-committer-email: "github-actions[bot]@users.noreply.github.com"
      - name: Enable auto-merge
        run: |
          gh pr merge ${{ steps.update.outputs.pull-request-number }} \
            --auto \
            --squash
        env:
          GITHUB_TOKEN: ${{ secrets.GITHUB_TOKEN }}
